
Microsoft Visual Studio Solution File, Format Version 12.00
# Visual Studio Version 16
VisualStudioVersion = 16.0.31613.86
MinimumVisualStudioVersion = 10.0.40219.1
Project("{FAE04EC0-301F-11D3-BF4B-00C04F79EFBC}") = "Bank", "Bank.csproj", "{B5F2943F-B00B-4D83-8C52-4B46C580764D}"
EndProject
Project("{FAE04EC0-301F-11D3-BF4B-00C04F79EFBC}") = "BankTests", "..\BankTests\BankTests.csproj", "{51154567-5166-46F4-AAD5-83593C50C309}"
EndProject
Global
	GlobalSection(SolutionConfigurationPlatforms) = preSolution
		Debug|Any CPU = Debug|Any CPU
		Release|Any CPU = Release|Any CPU
	EndGlobalSection
	GlobalSection(ProjectConfigurationPlatforms) = postSolution
		{B5F2943F-B00B-4D83-8C52-4B46C580764D}.Debug|Any CPU.ActiveCfg = Debug|Any CPU
		{B5F2943F-B00B-4D83-8C52-4B46C580764D}.Debug|Any CPU.Build.0 = Debug|Any CPU
		{B5F2943F-B00B-4D83-8C52-4B46C580764D}.Release|Any CPU.ActiveCfg = Release|Any CPU
		{B5F2943F-B00B-4D83-8C52-4B46C580764D}.Release|Any CPU.Build.0 = Release|Any CPU
		{51154567-5166-46F4-AAD5-83593C50C309}.Debug|Any CPU.ActiveCfg = Debug|Any CPU
		{51154567-5166-46F4-AAD5-83593C50C309}.Debug|Any CPU.Build.0 = Debug|Any CPU
		{51154567-5166-46F4-AAD5-83593C50C309}.Release|Any CPU.ActiveCfg = Release|Any CPU
		{51154567-5166-46F4-AAD5-83593C50C309}.Release|Any CPU.Build.0 = Release|Any CPU
	EndGlobalSection
	GlobalSection(SolutionProperties) = preSolution
		HideSolutionNode = FALSE
	EndGlobalSection
	GlobalSection(ExtensibilityGlobals) = postSolution
		SolutionGuid = {D949CA37-E284-457B-A3F4-4D74BF7DAB68}
	EndGlobalSection
EndGlobal
